
Microsoft Visual Studio Solution File, Format Version 12.00
# Visual Studio Version 17
VisualStudioVersion = 17.14.36301.6 d17.14
MinimumVisualStudioVersion = 10.0.40219.1
Project("{FAE04EC0-301F-11D3-BF4B-00C04F79EFBC}") = "Chiamaka.WemaAnalytics.API", "Chiamaka.WemaAnalytics.API\Chiamaka.WemaAnalytics.API.csproj", "{F3BE71F4-886E-416A-A9C1-A7C8E46FBAF2}"
EndProject
Project("{FAE04EC0-301F-11D3-BF4B-00C04F79EFBC}") = "Chiamaka.WemaAnalytics.Application", "Chiamaka.WemaAnalytics.Application\Chiamaka.WemaAnalytics.Application.csproj", "{90E16E5B-8629-456C-BBA7-0800F4A78539}"
EndProject
Project("{FAE04EC0-301F-11D3-BF4B-00C04F79EFBC}") = "Chiamaka.WemaAnalytics.Domain", "Chiamaka.WemaAnalytics.Domain\Chiamaka.WemaAnalytics.Domain.csproj", "{C3BDBD2B-826B-4C0F-BC1E-31E8EC9C2F2F}"
EndProject
Project("{FAE04EC0-301F-11D3-BF4B-00C04F79EFBC}") = "Chiamaka.WemaAnalytics.Infrastructure", "Chiamaka.WemaAnalytics.Infrastructure\Chiamaka.WemaAnalytics.Infrastructure.csproj", "{10BAFA39-3BEB-4A1C-84AC-77E9831D20C0}"
EndProject
Global
	GlobalSection(SolutionConfigurationPlatforms) = preSolution
		Debug|Any CPU = Debug|Any CPU
		Release|Any CPU = Release|Any CPU
	EndGlobalSection
	GlobalSection(ProjectConfigurationPlatforms) = postSolution
		{F3BE71F4-886E-416A-A9C1-A7C8E46FBAF2}.Debug|Any CPU.ActiveCfg = Debug|Any CPU
		{F3BE71F4-886E-416A-A9C1-A7C8E46FBAF2}.Debug|Any CPU.Build.0 = Debug|Any CPU
		{F3BE71F4-886E-416A-A9C1-A7C8E46FBAF2}.Release|Any CPU.ActiveCfg = Release|Any CPU
		{F3BE71F4-886E-416A-A9C1-A7C8E46FBAF2}.Release|Any CPU.Build.0 = Release|Any CPU
		{90E16E5B-8629-456C-BBA7-0800F4A78539}.Debug|Any CPU.ActiveCfg = Debug|Any CPU
		{90E16E5B-8629-456C-BBA7-0800F4A78539}.Debug|Any CPU.Build.0 = Debug|Any CPU
		{90E16E5B-8629-456C-BBA7-0800F4A78539}.Release|Any CPU.ActiveCfg = Release|Any CPU
		{90E16E5B-8629-456C-BBA7-0800F4A78539}.Release|Any CPU.Build.0 = Release|Any CPU
		{C3BDBD2B-826B-4C0F-BC1E-31E8EC9C2F2F}.Debug|Any CPU.ActiveCfg = Debug|Any CPU
		{C3BDBD2B-826B-4C0F-BC1E-31E8EC9C2F2F}.Debug|Any CPU.Build.0 = Debug|Any CPU
		{C3BDBD2B-826B-4C0F-BC1E-31E8EC9C2F2F}.Release|Any CPU.ActiveCfg = Release|Any CPU
		{C3BDBD2B-826B-4C0F-BC1E-31E8EC9C2F2F}.Release|Any CPU.Build.0 = Release|Any CPU
		{10BAFA39-3BEB-4A1C-84AC-77E9831D20C0}.Debug|Any CPU.ActiveCfg = Debug|Any CPU
		{10BAFA39-3BEB-4A1C-84AC-77E9831D20C0}.Debug|Any CPU.Build.0 = Debug|Any CPU
		{10BAFA39-3BEB-4A1C-84AC-77E9831D20C0}.Release|Any CPU.ActiveCfg = Release|Any CPU
		{10BAFA39-3BEB-4A1C-84AC-77E9831D20C0}.Release|Any CPU.Build.0 = Release|Any CPU
	EndGlobalSection
	GlobalSection(SolutionProperties) = preSolution
		HideSolutionNode = FALSE
	EndGlobalSection
	GlobalSection(ExtensibilityGlobals) = postSolution
		SolutionGuid = {5985EF41-4399-44F1-A5A8-7DCEDAD665AF}
	EndGlobalSection
EndGlobal
